
Microsoft Visual Studio Solution File, Format Version 12.00
# Visual Studio Version 17
VisualStudioVersion = 17.7.34202.233
MinimumVisualStudioVersion = 10.0.40219.1
Project("{FAE04EC0-301F-11D3-BF4B-00C04F79EFBC}") = "la8", "la8\la8.csproj", "{AE338E95-A634-4E40-8A52-0A504A6D6237}"
EndProject
Global
	GlobalSection(SolutionConfigurationPlatforms) = preSolution
		Debug|Any CPU = Debug|Any CPU
		Release|Any CPU = Release|Any CPU
	EndGlobalSection
	GlobalSection(ProjectConfigurationPlatforms) = postSolution
		{AE338E95-A634-4E40-8A52-0A504A6D6237}.Debug|Any CPU.ActiveCfg = Debug|Any CPU
		{AE338E95-A634-4E40-8A52-0A504A6D6237}.Debug|Any CPU.Build.0 = Debug|Any CPU
		{AE338E95-A634-4E40-8A52-0A504A6D6237}.Release|Any CPU.ActiveCfg = Release|Any CPU
		{AE338E95-A634-4E40-8A52-0A504A6D6237}.Release|Any CPU.Build.0 = Release|Any CPU
	EndGlobalSection
	GlobalSection(SolutionProperties) = preSolution
		HideSolutionNode = FALSE
	EndGlobalSection
	GlobalSection(ExtensibilityGlobals) = postSolution
		SolutionGuid = {7FA20889-FC69-4FCC-A5DC-E440E3EA4980}
	EndGlobalSection
EndGlobal
